// !$*UTF8*$!
{
	archiveVersion = 1;
	classes = {
	};
	objectVersion = 50;
	objects = {

/* Begin PBXBuildFile section */
		A48E17FB2509F580002DC4DE /* AppDelegate.swift in Sources */ = {isa = PBXBuildFile; fileRef = A48E17FA2509F580002DC4DE /* AppDelegate.swift */; };
		A48E17FD2509F580002DC4DE /* SceneDelegate.swift in Sources */ = {isa = PBXBuildFile; fileRef = A48E17FC2509F580002DC4DE /* SceneDelegate.swift */; };
		A48E17FF2509F580002DC4DE /* ViewController.swift in Sources */ = {isa = PBXBuildFile; fileRef = A48E17FE2509F580002DC4DE /* ViewController.swift */; };
		A48E18022509F580002DC4DE /* Main.storyboard in Resources */ = {isa = PBXBuildFile; fileRef = A48E18002509F580002DC4DE /* Main.storyboard */; };
		A48E18042509F582002DC4DE /* Assets.xcassets in Resources */ = {isa = PBXBuildFile; fileRef = A48E18032509F582002DC4DE /* Assets.xcassets */; };
		A48E18072509F582002DC4DE /* LaunchScreen.storyboard in Resources */ = {isa = PBXBuildFile; fileRef = A48E18052509F582002DC4DE /* LaunchScreen.storyboard */; };
		A48E18122509F582002DC4DE /* Tip3Tests.swift in Sources */ = {isa = PBXBuildFile; fileRef = A48E18112509F582002DC4DE /* Tip3Tests.swift */; };
		A48E181D2509F582002DC4DE /* Tip3UITests.swift in Sources */ = {isa = PBXBuildFile; fileRef = A48E181C2509F582002DC4DE /* Tip3UITests.swift */; };
/* End PBXBuildFile section */

/* Begin PBXContainerItemProxy section */
		A48E180E2509F582002DC4DE /* PBXContainerItemProxy */ = {
			isa = PBXContainerItemProxy;
			containerPortal = A48E17EF2509F580002DC4DE /* Project object */;
			proxyType = 1;
			remoteGlobalIDString = A48E17F62509F580002DC4DE;
			remoteInfo = Tip3;
		};
		A48E18192509F582002DC4DE /* PBXContainerItemProxy */ = {
			isa = PBXContainerItemProxy;
			containerPortal = A48E17EF2509F580002DC4DE /* Project object */;
			proxyType = 1;
			remoteGlobalIDString = A48E17F62509F580002DC4DE;
			remoteInfo = Tip3;
		};
/* End PBXContainerItemProxy section */

/* Begin PBXFileReference section */
		A48E17F72509F580002DC4DE /* Tip3.app */ = {isa = PBXFileReference; explicitFileType = wrapper.application; includeInIndex = 0; path = Tip3.app; sourceTree = BUILT_PRODUCTS_DIR; };
		A48E17FA2509F580002DC4DE /* AppDelegate.swift */ = {isa = PBXFileReference; lastKnownFileType = sourcecode.swift; path = AppDelegate.swift; sourceTree = "<group>"; };
		A48E17FC2509F580002DC4DE /* SceneDelegate.swift */ = {isa = PBXFileReference; lastKnownFileType = sourcecode.swift; path = SceneDelegate.swift; sourceTree = "<group>"; };
		A48E17FE2509F580002DC4DE /* ViewController.swift */ = {isa = PBXFileReference; lastKnownFileType = sourcecode.swift; path = ViewController.swift; sourceTree = "<group>"; };
		A48E18012509F580002DC4DE /* Base */ = {isa = PBXFileReference; lastKnownFileType = file.storyboard; name = Base; path = Base.lproj/Main.storyboard; sourceTree = "<group>"; };
		A48E18032509F582002DC4DE /* Assets.xcassets */ = {isa = PBXFileReference; lastKnownFileType = folder.assetcatalog; path = Assets.xcassets; sourceTree = "<group>"; };
		A48E18062509F582002DC4DE /* Base */ = {isa = PBXFileReference; lastKnownFileType = file.storyboard; name = Base; path = Base.lproj/LaunchScreen.storyboard; sourceTree = "<group>"; };
		A48E18082509F582002DC4DE /* Info.plist */ = {isa = PBXFileReference; lastKnownFileType = text.plist.xml; path = Info.plist; sourceTree = "<group>"; };
		A48E180D2509F582002DC4DE /* Tip3Tests.xctest */ = {isa = PBXFileReference; explicitFileType = wrapper.cfbundle; includeInIndex = 0; path = Tip3Tests.xctest; sourceTree = BUILT_PRODUCTS_DIR; };
		A48E18112509F582002DC4DE /* Tip3Tests.swift */ = {isa = PBXFileReference; lastKnownFileType = sourcecode.swift; path = Tip3Tests.swift; sourceTree = "<group>"; };
		A48E18132509F582002DC4DE /* Info.plist */ = {isa = PBXFileReference; lastKnownFileType = text.plist.xml; path = Info.plist; sourceTree = "<group>"; };
		A48E18182509F582002DC4DE /* Tip3UITests.xctest */ = {isa = PBXFileReference; explicitFileType = wrapper.cfbundle; includeInIndex = 0; path = Tip3UITests.xctest; sourceTree = BUILT_PRODUCTS_DIR; };
		A48E181C2509F582002DC4DE /* Tip3UITests.swift */ = {isa = PBXFileReference; lastKnownFileType = sourcecode.swift; path = Tip3UITests.swift; sourceTree = "<group>"; };
		A48E181E2509F582002DC4DE /* Info.plist */ = {isa = PBXFileReference; lastKnownFileType = text.plist.xml; path = Info.plist; sourceTree = "<group>"; };
/* End PBXFileReference section */

/* Begin PBXFrameworksBuildPhase section */
		A48E17F42509F580002DC4DE /* Frameworks */ = {
			isa = PBXFrameworksBuildPhase;
			buildActionMask = 2147483647;
			files = (
			);
			runOnlyForDeploymentPostprocessing = 0;
		};
		A48E180A2509F582002DC4DE /* Frameworks */ = {
			isa = PBXFrameworksBuildPhase;
			buildActionMask = 2147483647;
			files = (
			);
			runOnlyForDeploymentPostprocessing = 0;
		};
		A48E18152509F582002DC4DE /* Frameworks */ = {
			isa = PBXFrameworksBuildPhase;
			buildActionMask = 2147483647;
			files = (
			);
			runOnlyForDeploymentPostprocessing = 0;
		};
/* End PBXFrameworksBuildPhase section */

/* Begin PBXGroup section */
		A48E17EE2509F580002DC4DE = {
			isa = PBXGroup;
			children = (
				A48E17F92509F580002DC4DE /* Tip3 */,
				A48E18102509F582002DC4DE /* Tip3Tests */,
				A48E181B2509F582002DC4DE /* Tip3UITests */,
				A48E17F82509F580002DC4DE /* Products */,
			);
			sourceTree = "<group>";
		};
		A48E17F82509F580002DC4DE /* Products */ = {
			isa = PBXGroup;
			children = (
				A48E17F72509F580002DC4DE /* Tip3.app */,
				A48E180D2509F582002DC4DE /* Tip3Tests.xctest */,
				A48E18182509F582002DC4DE /* Tip3UITests.xctest */,
			);
			name = Products;
			sourceTree = "<group>";
		};
		A48E17F92509F580002DC4DE /* Tip3 */ = {
			isa = PBXGroup;
			children = (
				A48E17FA2509F580002DC4DE /* AppDelegate.swift */,
				A48E17FC2509F580002DC4DE /* SceneDelegate.swift */,
				A48E17FE2509F580002DC4DE /* ViewController.swift */,
				A48E18002509F580002DC4DE /* Main.storyboard */,
				A48E18032509F582002DC4DE /* Assets.xcassets */,
				A48E18052509F582002DC4DE /* LaunchScreen.storyboard */,
				A48E18082509F582002DC4DE /* Info.plist */,
			);
			path = Tip3;
			sourceTree = "<group>";
		};
		A48E18102509F582002DC4DE /* Tip3Tests */ = {
			isa = PBXGroup;
			children = (
				A48E18112509F582002DC4DE /* Tip3Tests.swift */,
				A48E18132509F582002DC4DE /* Info.plist */,
			);
			path = Tip3Tests;
			sourceTree = "<group>";
		};
		A48E181B2509F582002DC4DE /* Tip3UITests */ = {
			isa = PBXGroup;
			children = (
				A48E181C2509F582002DC4DE /* Tip3UITests.swift */,
				A48E181E2509F582002DC4DE /* Info.plist */,
			);
			path = Tip3UITests;
			sourceTree = "<group>";
		};
/* End PBXGroup section */

/* Begin PBXNativeTarget section */
		A48E17F62509F580002DC4DE /* Tip3 */ = {
			isa = PBXNativeTarget;
			buildConfigurationList = A48E18212509F582002DC4DE /* Build configuration list for PBXNativeTarget "Tip3" */;
			buildPhases = (
				A48E17F32509F580002DC4DE /* Sources */,
				A48E17F42509F580002DC4DE /* Frameworks */,
				A48E17F52509F580002DC4DE /* Resources */,
			);
			buildRules = (
			);
			dependencies = (
			);
			name = Tip3;
			productName = Tip3;
			productReference = A48E17F72509F580002DC4DE /* Tip3.app */;
			productType = "com.apple.product-type.application";
		};
		A48E180C2509F582002DC4DE /* Tip3Tests */ = {
			isa = PBXNativeTarget;
			buildConfigurationList = A48E18242509F582002DC4DE /* Build configuration list for PBXNativeTarget "Tip3Tests" */;
			buildPhases = (
				A48E18092509F582002DC4DE /* Sources */,
				A48E180A2509F582002DC4DE /* Frameworks */,
				A48E180B2509F582002DC4DE /* Resources */,
			);
			buildRules = (
			);
			dependencies = (
				A48E180F2509F582002DC4DE /* PBXTargetDependency */,
			);
			name = Tip3Tests;
			productName = Tip3Tests;
			productReference = A48E180D2509F582002DC4DE /* Tip3Tests.xctest */;
			productType = "com.apple.product-type.bundle.unit-test";
		};
		A48E18172509F582002DC4DE /* Tip3UITests */ = {
			isa = PBXNativeTarget;
			buildConfigurationList = A48E18272509F582002DC4DE /* Build configuration list for PBXNativeTarget "Tip3UITests" */;
			buildPhases = (
				A48E18142509F582002DC4DE /* Sources */,
				A48E18152509F582002DC4DE /* Frameworks */,
				A48E18162509F582002DC4DE /* Resources */,
			);
			buildRules = (
			);
			dependencies = (
				A48E181A2509F582002DC4DE /* PBXTargetDependency */,
			);
			name = Tip3UITests;
			productName = Tip3UITests;
			productReference = A48E18182509F582002DC4DE /* Tip3UITests.xctest */;
			productType = "com.apple.product-type.bundle.ui-testing";
		};
/* End PBXNativeTarget section */

/* Begin PBXProject section */
		A48E17EF2509F580002DC4DE /* Project object */ = {
			isa = PBXProject;
			attributes = {
				LastSwiftUpdateCheck = 1160;
				LastUpgradeCheck = 1160;
				ORGANIZATIONNAME = "Jayant Benjamin";
				TargetAttributes = {
					A48E17F62509F580002DC4DE = {
						CreatedOnToolsVersion = 11.6;
					};
					A48E180C2509F582002DC4DE = {
						CreatedOnToolsVersion = 11.6;
						TestTargetID = A48E17F62509F580002DC4DE;
					};
					A48E18172509F582002DC4DE = {
						CreatedOnToolsVersion = 11.6;
						TestTargetID = A48E17F62509F580002DC4DE;
					};
				};
			};
			buildConfigurationList = A48E17F22509F580002DC4DE /* Build configuration list for PBXProject "Tip3" */;
			compatibilityVersion = "Xcode 9.3";
			developmentRegion = en;
			hasScannedForEncodings = 0;
			knownRegions = (
				en,
				Base,
			);
			mainGroup = A48E17EE2509F580002DC4DE;
			productRefGroup = A48E17F82509F580002DC4DE /* Products */;
			projectDirPath = "";
			projectRoot = "";
			targets = (
				A48E17F62509F580002DC4DE /* Tip3 */,
				A48E180C2509F582002DC4DE /* Tip3Tests */,
				A48E18172509F582002DC4DE /* Tip3UITests */,
			);
		};
/* End PBXProject section */

/* Begin PBXResourcesBuildPhase section */
		A48E17F52509F580002DC4DE /* Resources */ = {
			isa = PBXResourcesBuildPhase;
			buildActionMask = 2147483647;
			files = (
				A48E18072509F582002DC4DE /* LaunchScreen.storyboard in Resources */,
				A48E18042509F582002DC4DE /* Assets.xcassets in Resources */,
				A48E18022509F580002DC4DE /* Main.storyboard in Resources */,
			);
			runOnlyForDeploymentPostprocessing = 0;
		};
		A48E180B2509F582002DC4DE /* Resources */ = {
			isa = PBXResourcesBuildPhase;
			buildActionMask = 2147483647;
			files = (
			);
			runOnlyForDeploymentPostprocessing = 0;
		};
		A48E18162509F582002DC4DE /* Resources */ = {
			isa = PBXResourcesBuildPhase;
			buildActionMask = 2147483647;
			files = (
			);
			runOnlyForDeploymentPostprocessing = 0;
		};
/* End PBXResourcesBuildPhase section */

/* Begin PBXSourcesBuildPhase section */
		A48E17F32509F580002DC4DE /* Sources */ = {
			isa = PBXSourcesBuildPhase;
			buildActionMask = 2147483647;
			files = (
				A48E17FF2509F580002DC4DE /* ViewController.swift in Sources */,
				A48E17FB2509F580002DC4DE /* AppDelegate.swift in Sources */,
				A48E17FD2509F580002DC4DE /* SceneDelegate.swift in Sources */,
			);
			runOnlyForDeploymentPostprocessing = 0;
		};
		A48E18092509F582002DC4DE /* Sources */ = {
			isa = PBXSourcesBuildPhase;
			buildActionMask = 2147483647;
			files = (
				A48E18122509F582002DC4DE /* Tip3Tests.swift in Sources */,
			);
			runOnlyForDeploymentPostprocessing = 0;
		};
		A48E18142509F582002DC4DE /* Sources */ = {
			isa = PBXSourcesBuildPhase;
			buildActionMask = 2147483647;
			files = (
				A48E181D2509F582002DC4DE /* Tip3UITests.swift in Sources */,
			);
			runOnlyForDeploymentPostprocessing = 0;
		};
/* End PBXSourcesBuildPhase section */

/* Begin PBXTargetDependency section */
		A48E180F2509F582002DC4DE /* PBXTargetDependency */ = {
			isa = PBXTargetDependency;
			target = A48E17F62509F580002DC4DE /* Tip3 */;
			targetProxy = A48E180E2509F582002DC4DE /* PBXContainerItemProxy */;
		};
		A48E181A2509F582002DC4DE /* PBXTargetDependency */ = {
			isa = PBXTargetDependency;
			target = A48E17F62509F580002DC4DE /* Tip3 */;
			targetProxy = A48E18192509F582002DC4DE /* PBXContainerItemProxy */;
		};
/* End PBXTargetDependency section */

/* Begin PBXVariantGroup section */
		A48E18002509F580002DC4DE /* Main.storyboard */ = {
			isa = PBXVariantGroup;
			children = (
				A48E18012509F580002DC4DE /* Base */,
			);
			name = Main.storyboard;
			sourceTree = "<group>";
		};
		A48E18052509F582002DC4DE /* LaunchScreen.storyboard */ = {
			isa = PBXVariantGroup;
			children = (
				A48E18062509F582002DC4DE /* Base */,
			);
			name = LaunchScreen.storyboard;
			sourceTree = "<group>";
		};
/* End PBXVariantGroup section */

/* Begin XCBuildConfiguration section */
		A48E181F2509F582002DC4DE /* Debug */ = {
			isa = XCBuildConfiguration;
			buildSettings = {
				ALWAYS_SEARCH_USER_PATHS = NO;
				CLANG_ANALYZER_NONNULL = YES;
				CLANG_ANALYZER_NUMBER_OBJECT_CONVERSION = YES_AGGRESSIVE;
				CLANG_CXX_LANGUAGE_STANDARD = "gnu++14";
				CLANG_CXX_LIBRARY = "libc++";
				CLANG_ENABLE_MODULES = YES;
				CLANG_ENABLE_OBJC_ARC = YES;
				CLANG_ENABLE_OBJC_WEAK = YES;
				CLANG_WARN_BLOCK_CAPTURE_AUTORELEASING = YES;
				CLANG_WARN_BOOL_CONVERSION = YES;
				CLANG_WARN_COMMA = YES;
				CLANG_WARN_CONSTANT_CONVERSION = YES;
				CLANG_WARN_DEPRECATED_OBJC_IMPLEMENTATIONS = YES;
				CLANG_WARN_DIRECT_OBJC_ISA_USAGE = YES_ERROR;
				CLANG_WARN_DOCUMENTATION_COMMENTS = YES;
				CLANG_WARN_EMPTY_BODY = YES;
				CLANG_WARN_ENUM_CONVERSION = YES;
				CLANG_WARN_INFINITE_RECURSION = YES;
				CLANG_WARN_INT_CONVERSION = YES;
				CLANG_WARN_NON_LITERAL_NULL_CONVERSION = YES;
				CLANG_WARN_OBJC_IMPLICIT_RETAIN_SELF = YES;
				CLANG_WARN_OBJC_LITERAL_CONVERSION = YES;
				CLANG_WARN_OBJC_ROOT_CLASS = YES_ERROR;
				CLANG_WARN_RANGE_LOOP_ANALYSIS = YES;
				CLANG_WARN_STRICT_PROTOTYPES = YES;
				CLANG_WARN_SUSPICIOUS_MOVE = YES;
				CLANG_WARN_UNGUARDED_AVAILABILITY = YES_AGGRESSIVE;
				CLANG_WARN_UNREACHABLE_CODE = YES;
				CLANG_WARN__DUPLICATE_METHOD_MATCH = YES;
				COPY_PHASE_STRIP = NO;
				DEBUG_INFORMATION_FORMAT = dwarf;
				ENABLE_STRICT_OBJC_MSGSEND = YES;
				ENABLE_TESTABILITY = YES;
				GCC_C_LANGUAGE_STANDARD = gnu11;
				GCC_DYNAMIC_NO_PIC = NO;
				GCC_NO_COMMON_BLOCKS = YES;
				GCC_OPTIMIZATION_LEVEL = 0;
				GCC_PREPROCESSOR_DEFINITIONS = (
					"DEBUG=1",
					"$(inherited)",
				);
				GCC_WARN_64_TO_32_BIT_CONVERSION = YES;
				GCC_WARN_ABOUT_RETURN_TYPE = YES_ERROR;
				GCC_WARN_UNDECLARED_SELECTOR = YES;
				GCC_WARN_UNINITIALIZED_AUTOS = YES_AGGRESSIVE;
				GCC_WARN_UNUSED_FUNCTION = YES;
				GCC_WARN_UNUSED_VARIABLE = YES;
				IPHONEOS_DEPLOYMENT_TARGET = 13.6;
				MTL_ENABLE_DEBUG_INFO = INCLUDE_SOURCE;
				MTL_FAST_MATH = YES;
				ONLY_ACTIVE_ARCH = YES;
				SDKROOT = iphoneos;
				SWIFT_ACTIVE_COMPILATION_CONDITIONS = DEBUG;
				SWIFT_OPTIMIZATION_LEVEL = "-Onone";
			};
			name = Debug;
		};
		A48E18202509F582002DC4DE /* Release */ = {
			isa = XCBuildConfiguration;
			buildSettings = {
				ALWAYS_SEARCH_USER_PATHS = NO;
				CLANG_ANALYZER_NONNULL = YES;
				CLANG_ANALYZER_NUMBER_OBJECT_CONVERSION = YES_AGGRESSIVE;
				CLANG_CXX_LANGUAGE_STANDARD = "gnu++14";
				CLANG_CXX_LIBRARY = "libc++";
				CLANG_ENABLE_MODULES = YES;
				CLANG_ENABLE_OBJC_ARC = YES;
				CLANG_ENABLE_OBJC_WEAK = YES;
				CLANG_WARN_BLOCK_CAPTURE_AUTORELEASING = YES;
				CLANG_WARN_BOOL_CONVERSION = YES;
				CLANG_WARN_COMMA = YES;
				CLANG_WARN_CONSTANT_CONVERSION = YES;
				CLANG_WARN_DEPRECATED_OBJC_IMPLEMENTATIONS = YES;
				CLANG_WARN_DIRECT_OBJC_ISA_USAGE = YES_ERROR;
				CLANG_WARN_DOCUMENTATION_COMMENTS = YES;
				CLANG_WARN_EMPTY_BODY = YES;
				CLANG_WARN_ENUM_CONVERSION = YES;
				CLANG_WARN_INFINITE_RECURSION = YES;
				CLANG_WARN_INT_CONVERSION = YES;
				CLANG_WARN_NON_LITERAL_NULL_CONVERSION = YES;
				CLANG_WARN_OBJC_IMPLICIT_RETAIN_SELF = YES;
				CLANG_WARN_OBJC_LITERAL_CONVERSION = YES;
				CLANG_WARN_OBJC_ROOT_CLASS = YES_ERROR;
				CLANG_WARN_RANGE_LOOP_ANALYSIS = YES;
				CLANG_WARN_STRICT_PROTOTYPES = YES;
				CLANG_WARN_SUSPICIOUS_MOVE = YES;
				CLANG_WARN_UNGUARDED_AVAILABILITY = YES_AGGRESSIVE;
				CLANG_WARN_UNREACHABLE_CODE = YES;
				CLANG_WARN__DUPLICATE_METHOD_MATCH = YES;
				COPY_PHASE_STRIP = NO;
				DEBUG_INFORMATION_FORMAT = "dwarf-with-dsym";
				ENABLE_NS_ASSERTIONS = NO;
				ENABLE_STRICT_OBJC_MSGSEND = YES;
				GCC_C_LANGUAGE_STANDARD = gnu11;
				GCC_NO_COMMON_BLOCKS = YES;
				GCC_WARN_64_TO_32_BIT_CONVERSION = YES;
				GCC_WARN_ABOUT_RETURN_TYPE = YES_ERROR;
				GCC_WARN_UNDECLARED_SELECTOR = YES;
				GCC_WARN_UNINITIALIZED_AUTOS = YES_AGGRESSIVE;
				GCC_WARN_UNUSED_FUNCTION = YES;
				GCC_WARN_UNUSED_VARIABLE = YES;
				IPHONEOS_DEPLOYMENT_TARGET = 13.6;
				MTL_ENABLE_DEBUG_INFO = NO;
				MTL_FAST_MATH = YES;
				SDKROOT = iphoneos;
				SWIFT_COMPILATION_MODE = wholemodule;
				SWIFT_OPTIMIZATION_LEVEL = "-O";
				VALIDATE_PRODUCT = YES;
			};
			name = Release;
		};
		A48E18222509F582002DC4DE /* Debug */ = {
			isa = XCBuildConfiguration;
			buildSettings = {
				ASSETCATALOG_COMPILER_APPICON_NAME = AppIcon;
				CODE_SIGN_STYLE = Automatic;
				INFOPLIST_FILE = Tip3/Info.plist;
				LD_RUNPATH_SEARCH_PATHS = (
					"$(inherited)",
					"@executable_path/Frameworks",
				);
				PRODUCT_BUNDLE_IDENTIFIER = com.codepath.Tip3;
				PRODUCT_NAME = "$(TARGET_NAME)";
				SWIFT_VERSION = 5.0;
				TARGETED_DEVICE_FAMILY = "1,2";
			};
			name = Debug;
		};
		A48E18232509F582002DC4DE /* Release */ = {
			isa = XCBuildConfiguration;
			buildSettings = {
				ASSETCATALOG_COMPILER_APPICON_NAME = AppIcon;
				CODE_SIGN_STYLE = Automatic;
				INFOPLIST_FILE = Tip3/Info.plist;
				LD_RUNPATH_SEARCH_PATHS = (
					"$(inherited)",
					"@executable_path/Frameworks",
				);
				PRODUCT_BUNDLE_IDENTIFIER = com.codepath.Tip3;
				PRODUCT_NAME = "$(TARGET_NAME)";
				SWIFT_VERSION = 5.0;
				TARGETED_DEVICE_FAMILY = "1,2";
			};
			name = Release;
		};
		A48E18252509F582002DC4DE /* Debug */ = {
			isa = XCBuildConfiguration;
			buildSettings = {
				ALWAYS_EMBED_SWIFT_STANDARD_LIBRARIES = YES;
				BUNDLE_LOADER = "$(TEST_HOST)";
				CODE_SIGN_STYLE = Automatic;
				INFOPLIST_FILE = Tip3Tests/Info.plist;
				IPHONEOS_DEPLOYMENT_TARGET = 13.6;
				LD_RUNPATH_SEARCH_PATHS = (
					"$(inherited)",
					"@executable_path/Frameworks",
					"@loader_path/Frameworks",
				);
				PRODUCT_BUNDLE_IDENTIFIER = com.codepath.Tip3Tests;
				PRODUCT_NAME = "$(TARGET_NAME)";
				SWIFT_VERSION = 5.0;
				TARGETED_DEVICE_FAMILY = "1,2";
				TEST_HOST = "$(BUILT_PRODUCTS_DIR)/Tip3.app/Tip3";
			};
			name = Debug;
		};
		A48E18262509F582002DC4DE /* Release */ = {
			isa = XCBuildConfiguration;
			buildSettings = {
				ALWAYS_EMBED_SWIFT_STANDARD_LIBRARIES = YES;
				BUNDLE_LOADER = "$(TEST_HOST)";
				CODE_SIGN_STYLE = Automatic;
				INFOPLIST_FILE = Tip3Tests/Info.plist;
				IPHONEOS_DEPLOYMENT_TARGET = 13.6;
				LD_RUNPATH_SEARCH_PATHS = (
					"$(inherited)",
					"@executable_path/Frameworks",
					"@loader_path/Frameworks",
				);
				PRODUCT_BUNDLE_IDENTIFIER = com.codepath.Tip3Tests;
				PRODUCT_NAME = "$(TARGET_NAME)";
				SWIFT_VERSION = 5.0;
				TARGETED_DEVICE_FAMILY = "1,2";
				TEST_HOST = "$(BUILT_PRODUCTS_DIR)/Tip3.app/Tip3";
			};
			name = Release;
		};
		A48E18282509F582002DC4DE /* Debug */ = {
			isa = XCBuildConfiguration;
			buildSettings = {
				ALWAYS_EMBED_SWIFT_STANDARD_LIBRARIES = YES;
				CODE_SIGN_STYLE = Automatic;
				INFOPLIST_FILE = Tip3UITests/Info.plist;
				LD_RUNPATH_SEARCH_PATHS = (
					"$(inherited)",
					"@executable_path/Frameworks",
					"@loader_path/Frameworks",
				);
				PRODUCT_BUNDLE_IDENTIFIER = com.codepath.Tip3UITests;
				PRODUCT_NAME = "$(TARGET_NAME)";
				SWIFT_VERSION = 5.0;
				TARGETED_DEVICE_FAMILY = "1,2";
				TEST_TARGET_NAME = Tip3;
			};
			name = Debug;
		};
		A48E18292509F582002DC4DE /* Release */ = {
			isa = XCBuildConfiguration;
			buildSettings = {
				ALWAYS_EMBED_SWIFT_STANDARD_LIBRARIES = YES;
				CODE_SIGN_STYLE = Automatic;
				INFOPLIST_FILE = Tip3UITests/Info.plist;
				LD_RUNPATH_SEARCH_PATHS = (
					"$(inherited)",
					"@executable_path/Frameworks",
					"@loader_path/Frameworks",
				);
				PRODUCT_BUNDLE_IDENTIFIER = com.codepath.Tip3UITests;
				PRODUCT_NAME = "$(TARGET_NAME)";
				SWIFT_VERSION = 5.0;
				TARGETED_DEVICE_FAMILY = "1,2";
				TEST_TARGET_NAME = Tip3;
			};
			name = Release;
		};
/* End XCBuildConfiguration section */

/* Begin XCConfigurationList section */
		A48E17F22509F580002DC4DE /* Build configuration list for PBXProject "Tip3" */ = {
			isa = XCConfigurationList;
			buildConfigurations = (
				A48E181F2509F582002DC4DE /* Debug */,
				A48E18202509F582002DC4DE /* Release */,
			);
			defaultConfigurationIsVisible = 0;
			defaultConfigurationName = Release;
		};
		A48E18212509F582002DC4DE /* Build configuration list for PBXNativeTarget "Tip3" */ = {
			isa = XCConfigurationList;
			buildConfigurations = (
				A48E18222509F582002DC4DE /* Debug */,
				A48E18232509F582002DC4DE /* Release */,
			);
			defaultConfigurationIsVisible = 0;
			defaultConfigurationName = Release;
		};
		A48E18242509F582002DC4DE /* Build configuration list for PBXNativeTarget "Tip3Tests" */ = {
			isa = XCConfigurationList;
			buildConfigurations = (
				A48E18252509F582002DC4DE /* Debug */,
				A48E18262509F582002DC4DE /* Release */,
			);
			defaultConfigurationIsVisible = 0;
			defaultConfigurationName = Release;
		};
		A48E18272509F582002DC4DE /* Build configuration list for PBXNativeTarget "Tip3UITests" */ = {
			isa = XCConfigurationList;
			buildConfigurations = (
				A48E18282509F582002DC4DE /* Debug */,
				A48E18292509F582002DC4DE /* Release */,
			);
			defaultConfigurationIsVisible = 0;
			defaultConfigurationName = Release;
		};
/* End XCConfigurationList section */
	};
	rootObject = A48E17EF2509F580002DC4DE /* Project object */;
}
